<?xml version="1.0" encoding="utf-8"?>
<Project ToolsVersion="4.0" xmlns="http://schemas.microsoft.com/developer/msbuild/2003">
  <ItemGroup>
    <ClCompile Include="main.cpp" />
    <ClCompile Include="filterCore.cpp">
      <Filter>core</Filter>
    </ClCompile>
    <ClCompile Include="utilityWin32.cpp">
      <Filter>utility</Filter>
    </ClCompile>
  </ItemGroup>
  <ItemGroup>
    <Filter Include="core">
      <UniqueIdentifier>{bb69dd68-4830-457b-96b2-4cce1f4406dd}</UniqueIdentifier>
    </Filter>
    <Filter Include="thread">
      <UniqueIdentifier>{2b33dff7-9ddf-49fe-8a79-aaa1d32bbb93}</UniqueIdentifier>
    </Filter>
    <Filter Include="utility">
      <UniqueIdentifier>{f61690e6-4ab4-4a0f-adce-afd3d6c75965}</UniqueIdentifier>
    </Filter>
  </ItemGroup>
  <ItemGroup>
    <ClInclude Include="filterCore.h">
      <Filter>core</Filter>
    </ClInclude>
    <ClInclude Include="filterBrightness.h">
      <Filter>core</Filter>
    </ClInclude>
    <ClInclude Include="filterContrast.h">
      <Filter>core</Filter>
    </ClInclude>
    <ClInclude Include="utilityWin32.h">
      <Filter>utility</Filter>
    </ClInclude>
    <ClInclude Include="filterSaturation.h">
      <Filter>core</Filter>
    </ClInclude>
  </ItemGroup>
</Project>